#
# This file is autogenerated by pip-compile with Python 3.14
# by the following command:
#
#    pip-compile --output-file=requirements.lock requirements.in
#
aiohappyeyeballs==2.6.1
    # via aiohttp
aiohttp==3.13.5
    # via -r requirements.in
aiosignal==1.4.0
    # via aiohttp
annotated-types==0.7.0
    # via pydantic
anyio==4.13.0
    # via httpx
attrs==26.1.0
    # via aiohttp
cachetools==7.1.0
    # via -r requirements.in
certifi==2026.2.25
    # via
    #   httpcore
    #   httpx
    #   requests
charset-normalizer==3.4.7
    # via requests
colorama==0.4.6
    # via tqdm
esprima==4.0.1
    # via -r requirements.in
flet==0.84.0
    # via -r requirements.in
frozenlist==1.8.0
    # via
    #   aiohttp
    #   aiosignal
h11==0.16.0
    # via httpcore
httpcore==1.0.9
    # via httpx
httpx==0.28.1
    # via flet
idna==3.11
    # via
    #   anyio
    #   httpx
    #   requests
    #   yarl
jieba==0.42.1
    # via -r requirements.in
json5==0.9.17
    # via -r requirements.in
mcstructure==0.0.1b6
    # via -r requirements.in
msgpack==1.1.2
    # via flet
multidict==6.7.1
    # via
    #   aiohttp
    #   yarl
numpy==2.3.0
    # via
    #   -r requirements.in
    #   mcstructure
oauthlib==3.3.1
    # via flet
propcache==0.4.1
    # via
    #   aiohttp
    #   yarl
psutil==7.2.2
    # via -r requirements.in
pyahocorasick==2.3.0
    # via -r requirements.in
pydantic==2.13.1
    # via -r requirements.in
pydantic-core==2.46.1
    # via pydantic
pynbt==2.0.0
    # via
    #   -r requirements.in
    #   mcstructure
pyyaml==6.0.1
    # via -r requirements.in
repath==0.9.0
    # via flet
requests==2.33.1
    # via -r requirements.in
screeninfo==0.8.1
    # via -r requirements.in
six==1.17.0
    # via repath
tqdm==4.66.1
    # via -r requirements.in
typing-extensions==4.15.0
    # via
    #   pydantic
    #   pydantic-core
    #   typing-inspection
typing-inspection==0.4.2
    # via pydantic
urllib3==2.6.3
    # via requests
yarl==1.23.0
    # via aiohttp
